
Microsoft Visual Studio Solution File, Format Version 12.00
# Visual Studio Version 17
VisualStudioVersion = 17.8.34601.278
MinimumVisualStudioVersion = 10.0.40219.1
Project("{9A19103F-16F7-4668-BE54-9A1E7A4F7556}") = "Arrest", "Arrest\Arrest.csproj", "{57D0D15D-8E59-4ADB-AEE3-992692186E04}"
EndProject
Project("{2150E333-8FDC-42A3-9474-1A3956D46DE8}") = "Solution Items", "Solution Items", "{0D8B498A-A0B3-4BDB-A392-C5E9FF6CD643}"
	ProjectSection(SolutionItems) = preProject
		ReadMe.MD = ReadMe.MD
	EndProjectSection
EndProject
Project("{9A19103F-16F7-4668-BE54-9A1E7A4F7556}") = "Arrest.Tests", "Arrest.Tests\Arrest.Tests.csproj", "{8B6BED5D-57A2-47A6-95C0-47691287CE4A}"
EndProject
Global
	GlobalSection(SolutionConfigurationPlatforms) = preSolution
		Debug|Any CPU = Debug|Any CPU
		Release|Any CPU = Release|Any CPU
	EndGlobalSection
	GlobalSection(ProjectConfigurationPlatforms) = postSolution
		{57D0D15D-8E59-4ADB-AEE3-992692186E04}.Debug|Any CPU.ActiveCfg = Debug|Any CPU
		{57D0D15D-8E59-4ADB-AEE3-992692186E04}.Debug|Any CPU.Build.0 = Debug|Any CPU
		{57D0D15D-8E59-4ADB-AEE3-992692186E04}.Release|Any CPU.ActiveCfg = Release|Any CPU
		{57D0D15D-8E59-4ADB-AEE3-992692186E04}.Release|Any CPU.Build.0 = Release|Any CPU
		{8B6BED5D-57A2-47A6-95C0-47691287CE4A}.Debug|Any CPU.ActiveCfg = Debug|Any CPU
		{8B6BED5D-57A2-47A6-95C0-47691287CE4A}.Debug|Any CPU.Build.0 = Debug|Any CPU
		{8B6BED5D-57A2-47A6-95C0-47691287CE4A}.Release|Any CPU.ActiveCfg = Release|Any CPU
		{8B6BED5D-57A2-47A6-95C0-47691287CE4A}.Release|Any CPU.Build.0 = Release|Any CPU
	EndGlobalSection
	GlobalSection(SolutionProperties) = preSolution
		HideSolutionNode = FALSE
	EndGlobalSection
	GlobalSection(ExtensibilityGlobals) = postSolution
		SolutionGuid = {3973571A-AC2C-432D-85A5-B76F32B8E400}
	EndGlobalSection
EndGlobal
